
Microsoft Visual Studio Solution File, Format Version 12.00
Project("{FAE04EC0-301F-11D3-BF4B-00C04F79EFBC}") = "API", "API\API.csproj", "{1278A371-CB9E-472F-9A75-D5AA1CD8590D}"
EndProject
Project("{2150E333-8FDC-42A3-9474-1A3956D46DE8}") = "src", "src", "{99776E1D-5BC5-4202-BCE1-C7044EE0915A}"
EndProject
Global
	GlobalSection(SolutionConfigurationPlatforms) = preSolution
		Debug|Any CPU = Debug|Any CPU
		Release|Any CPU = Release|Any CPU
	EndGlobalSection
	GlobalSection(ProjectConfigurationPlatforms) = postSolution
		{1278A371-CB9E-472F-9A75-D5AA1CD8590D}.Debug|Any CPU.ActiveCfg = Debug|Any CPU
		{1278A371-CB9E-472F-9A75-D5AA1CD8590D}.Debug|Any CPU.Build.0 = Debug|Any CPU
		{1278A371-CB9E-472F-9A75-D5AA1CD8590D}.Release|Any CPU.ActiveCfg = Release|Any CPU
		{1278A371-CB9E-472F-9A75-D5AA1CD8590D}.Release|Any CPU.Build.0 = Release|Any CPU
	EndGlobalSection
	GlobalSection(NestedProjects) = preSolution
		{1278A371-CB9E-472F-9A75-D5AA1CD8590D} = {99776E1D-5BC5-4202-BCE1-C7044EE0915A}
	EndGlobalSection
EndGlobal
